// !$*UTF8*$!
{
	archiveVersion = 1;
	classes = {
	};
	objectVersion = 50;
	objects = {

/* Begin PBXBuildFile section */
		C685E73B221BAB4C002206C4 /* OWRuntimeData.h in Headers */ = {isa = PBXBuildFile; fileRef = C685E739221BAB4C002206C4 /* OWRuntimeData.h */; settings = {ATTRIBUTES = (Public, ); }; };
		C685E749221BAED4002206C4 /* OWRuntimeDataConfig.h in Headers */ = {isa = PBXBuildFile; fileRef = C685E742221BAED4002206C4 /* OWRuntimeDataConfig.h */; };
		C685E74A221BAED4002206C4 /* OWRuntimeDataValue.h in Headers */ = {isa = PBXBuildFile; fileRef = C685E743221BAED4002206C4 /* OWRuntimeDataValue.h */; };
		C685E74B221BAED4002206C4 /* OWRuntimeDataConfig.m in Sources */ = {isa = PBXBuildFile; fileRef = C685E744221BAED4002206C4 /* OWRuntimeDataConfig.m */; };
		C685E74C221BAED4002206C4 /* OWRuntimeDataValue.m in Sources */ = {isa = PBXBuildFile; fileRef = C685E745221BAED4002206C4 /* OWRuntimeDataValue.m */; };
		C685E74D221BAED4002206C4 /* OWRuntimeData.m in Sources */ = {isa = PBXBuildFile; fileRef = C685E746221BAED4002206C4 /* OWRuntimeData.m */; };
		C685E74E221BAED4002206C4 /* OWNetworkProtocol.h in Headers */ = {isa = PBXBuildFile; fileRef = C685E748221BAED4002206C4 /* OWNetworkProtocol.h */; };
/* End PBXBuildFile section */

/* Begin PBXFileReference section */
		C685E736221BAB4C002206C4 /* OWRuntimeData.framework */ = {isa = PBXFileReference; explicitFileType = wrapper.framework; includeInIndex = 0; path = OWRuntimeData.framework; sourceTree = BUILT_PRODUCTS_DIR; };
		C685E739221BAB4C002206C4 /* OWRuntimeData.h */ = {isa = PBXFileReference; lastKnownFileType = sourcecode.c.h; path = OWRuntimeData.h; sourceTree = "<group>"; };
		C685E73A221BAB4C002206C4 /* Info.plist */ = {isa = PBXFileReference; lastKnownFileType = text.plist.xml; path = Info.plist; sourceTree = "<group>"; };
		C685E742221BAED4002206C4 /* OWRuntimeDataConfig.h */ = {isa = PBXFileReference; fileEncoding = 4; lastKnownFileType = sourcecode.c.h; path = OWRuntimeDataConfig.h; sourceTree = "<group>"; };
		C685E743221BAED4002206C4 /* OWRuntimeDataValue.h */ = {isa = PBXFileReference; fileEncoding = 4; lastKnownFileType = sourcecode.c.h; path = OWRuntimeDataValue.h; sourceTree = "<group>"; };
		C685E744221BAED4002206C4 /* OWRuntimeDataConfig.m */ = {isa = PBXFileReference; fileEncoding = 4; lastKnownFileType = sourcecode.c.objc; path = OWRuntimeDataConfig.m; sourceTree = "<group>"; };
		C685E745221BAED4002206C4 /* OWRuntimeDataValue.m */ = {isa = PBXFileReference; fileEncoding = 4; lastKnownFileType = sourcecode.c.objc; path = OWRuntimeDataValue.m; sourceTree = "<group>"; };
		C685E746221BAED4002206C4 /* OWRuntimeData.m */ = {isa = PBXFileReference; fileEncoding = 4; lastKnownFileType = sourcecode.c.objc; path = OWRuntimeData.m; sourceTree = "<group>"; };
		C685E748221BAED4002206C4 /* OWNetworkProtocol.h */ = {isa = PBXFileReference; fileEncoding = 4; lastKnownFileType = sourcecode.c.h; path = OWNetworkProtocol.h; sourceTree = "<group>"; };
/* End PBXFileReference section */

/* Begin PBXFrameworksBuildPhase section */
		C685E733221BAB4C002206C4 /* Frameworks */ = {
			isa = PBXFrameworksBuildPhase;
			buildActionMask = 2147483647;
			files = (
			);
			runOnlyForDeploymentPostprocessing = 0;
		};
/* End PBXFrameworksBuildPhase section */

/* Begin PBXGroup section */
		C61E2C17221EB3C700950060 /* Frameworks */ = {
			isa = PBXGroup;
			children = (
			);
			name = Frameworks;
			sourceTree = "<group>";
		};
		C685E72C221BAB4C002206C4 = {
			isa = PBXGroup;
			children = (
				C685E738221BAB4C002206C4 /* OWRuntimeData */,
				C685E737221BAB4C002206C4 /* Products */,
				C61E2C17221EB3C700950060 /* Frameworks */,
			);
			sourceTree = "<group>";
		};
		C685E737221BAB4C002206C4 /* Products */ = {
			isa = PBXGroup;
			children = (
				C685E736221BAB4C002206C4 /* OWRuntimeData.framework */,
			);
			name = Products;
			sourceTree = "<group>";
		};
		C685E738221BAB4C002206C4 /* OWRuntimeData */ = {
			isa = PBXGroup;
			children = (
				C685E741221BAED4002206C4 /* model */,
				C685E747221BAED4002206C4 /* protocol */,
				C685E739221BAB4C002206C4 /* OWRuntimeData.h */,
				C685E746221BAED4002206C4 /* OWRuntimeData.m */,
				C685E73A221BAB4C002206C4 /* Info.plist */,
			);
			path = OWRuntimeData;
			sourceTree = "<group>";
		};
		C685E741221BAED4002206C4 /* model */ = {
			isa = PBXGroup;
			children = (
				C685E742221BAED4002206C4 /* OWRuntimeDataConfig.h */,
				C685E744221BAED4002206C4 /* OWRuntimeDataConfig.m */,
				C685E743221BAED4002206C4 /* OWRuntimeDataValue.h */,
				C685E745221BAED4002206C4 /* OWRuntimeDataValue.m */,
			);
			path = model;
			sourceTree = "<group>";
		};
		C685E747221BAED4002206C4 /* protocol */ = {
			isa = PBXGroup;
			children = (
				C685E748221BAED4002206C4 /* OWNetworkProtocol.h */,
			);
			path = protocol;
			sourceTree = "<group>";
		};
/* End PBXGroup section */

/* Begin PBXHeadersBuildPhase section */
		C685E731221BAB4C002206C4 /* Headers */ = {
			isa = PBXHeadersBuildPhase;
			buildActionMask = 2147483647;
			files = (
				C685E74A221BAED4002206C4 /* OWRuntimeDataValue.h in Headers */,
				C685E73B221BAB4C002206C4 /* OWRuntimeData.h in Headers */,
				C685E749221BAED4002206C4 /* OWRuntimeDataConfig.h in Headers */,
				C685E74E221BAED4002206C4 /* OWNetworkProtocol.h in Headers */,
			);
			runOnlyForDeploymentPostprocessing = 0;
		};
/* End PBXHeadersBuildPhase section */

/* Begin PBXNativeTarget section */
		C685E735221BAB4C002206C4 /* OWRuntimeData */ = {
			isa = PBXNativeTarget;
			buildConfigurationList = C685E73E221BAB4C002206C4 /* Build configuration list for PBXNativeTarget "OWRuntimeData" */;
			buildPhases = (
				C685E731221BAB4C002206C4 /* Headers */,
				C685E732221BAB4C002206C4 /* Sources */,
				C685E733221BAB4C002206C4 /* Frameworks */,
				C685E734221BAB4C002206C4 /* Resources */,
			);
			buildRules = (
			);
			dependencies = (
			);
			name = OWRuntimeData;
			productName = OWRuntimeData;
			productReference = C685E736221BAB4C002206C4 /* OWRuntimeData.framework */;
			productType = "com.apple.product-type.framework";
		};
/* End PBXNativeTarget section */

/* Begin PBXProject section */
		C685E72D221BAB4C002206C4 /* Project object */ = {
			isa = PBXProject;
			attributes = {
				LastUpgradeCheck = 1010;
				ORGANIZATIONNAME = Rango;
				TargetAttributes = {
					C685E735221BAB4C002206C4 = {
						CreatedOnToolsVersion = 10.1;
					};
				};
			};
			buildConfigurationList = C685E730221BAB4C002206C4 /* Build configuration list for PBXProject "OWRuntimeData" */;
			compatibilityVersion = "Xcode 9.3";
			developmentRegion = en;
			hasScannedForEncodings = 0;
			knownRegions = (
				en,
			);
			mainGroup = C685E72C221BAB4C002206C4;
			productRefGroup = C685E737221BAB4C002206C4 /* Products */;
			projectDirPath = "";
			projectRoot = "";
			targets = (
				C685E735221BAB4C002206C4 /* OWRuntimeData */,
			);
		};
/* End PBXProject section */

/* Begin PBXResourcesBuildPhase section */
		C685E734221BAB4C002206C4 /* Resources */ = {
			isa = PBXResourcesBuildPhase;
			buildActionMask = 2147483647;
			files = (
			);
			runOnlyForDeploymentPostprocessing = 0;
		};
/* End PBXResourcesBuildPhase section */

/* Begin PBXSourcesBuildPhase section */
		C685E732221BAB4C002206C4 /* Sources */ = {
			isa = PBXSourcesBuildPhase;
			buildActionMask = 2147483647;
			files = (
				C685E74C221BAED4002206C4 /* OWRuntimeDataValue.m in Sources */,
				C685E74B221BAED4002206C4 /* OWRuntimeDataConfig.m in Sources */,
				C685E74D221BAED4002206C4 /* OWRuntimeData.m in Sources */,
			);
			runOnlyForDeploymentPostprocessing = 0;
		};
/* End PBXSourcesBuildPhase section */

/* Begin XCBuildConfiguration section */
		C685E73C221BAB4C002206C4 /* Debug */ = {
			isa = XCBuildConfiguration;
			buildSettings = {
				ALWAYS_SEARCH_USER_PATHS = NO;
				CLANG_ANALYZER_NONNULL = YES;
				CLANG_ANALYZER_NUMBER_OBJECT_CONVERSION = YES_AGGRESSIVE;
				CLANG_CXX_LANGUAGE_STANDARD = "gnu++14";
				CLANG_CXX_LIBRARY = "libc++";
				CLANG_ENABLE_MODULES = YES;
				CLANG_ENABLE_OBJC_ARC = YES;
				CLANG_ENABLE_OBJC_WEAK = YES;
				CLANG_WARN_BLOCK_CAPTURE_AUTORELEASING = YES;
				CLANG_WARN_BOOL_CONVERSION = YES;
				CLANG_WARN_COMMA = YES;
				CLANG_WARN_CONSTANT_CONVERSION = YES;
				CLANG_WARN_DEPRECATED_OBJC_IMPLEMENTATIONS = YES;
				CLANG_WARN_DIRECT_OBJC_ISA_USAGE = YES_ERROR;
				CLANG_WARN_DOCUMENTATION_COMMENTS = YES;
				CLANG_WARN_EMPTY_BODY = YES;
				CLANG_WARN_ENUM_CONVERSION = YES;
				CLANG_WARN_INFINITE_RECURSION = YES;
				CLANG_WARN_INT_CONVERSION = YES;
				CLANG_WARN_NON_LITERAL_NULL_CONVERSION = YES;
				CLANG_WARN_OBJC_IMPLICIT_RETAIN_SELF = YES;
				CLANG_WARN_OBJC_LITERAL_CONVERSION = YES;
				CLANG_WARN_OBJC_ROOT_CLASS = YES_ERROR;
				CLANG_WARN_RANGE_LOOP_ANALYSIS = YES;
				CLANG_WARN_STRICT_PROTOTYPES = YES;
				CLANG_WARN_SUSPICIOUS_MOVE = YES;
				CLANG_WARN_UNGUARDED_AVAILABILITY = YES_AGGRESSIVE;
				CLANG_WARN_UNREACHABLE_CODE = YES;
				CLANG_WARN__DUPLICATE_METHOD_MATCH = YES;
				CODE_SIGN_IDENTITY = "iPhone Developer";
				COPY_PHASE_STRIP = NO;
				CURRENT_PROJECT_VERSION = 1;
				DEBUG_INFORMATION_FORMAT = dwarf;
				ENABLE_STRICT_OBJC_MSGSEND = YES;
				ENABLE_TESTABILITY = YES;
				GCC_C_LANGUAGE_STANDARD = gnu11;
				GCC_DYNAMIC_NO_PIC = NO;
				GCC_NO_COMMON_BLOCKS = YES;
				GCC_OPTIMIZATION_LEVEL = 0;
				GCC_PREPROCESSOR_DEFINITIONS = (
					"DEBUG=1",
					"$(inherited)",
				);
				GCC_WARN_64_TO_32_BIT_CONVERSION = YES;
				GCC_WARN_ABOUT_RETURN_TYPE = YES_ERROR;
				GCC_WARN_UNDECLARED_SELECTOR = YES;
				GCC_WARN_UNINITIALIZED_AUTOS = YES_AGGRESSIVE;
				GCC_WARN_UNUSED_FUNCTION = YES;
				GCC_WARN_UNUSED_VARIABLE = YES;
				IPHONEOS_DEPLOYMENT_TARGET = 12.1;
				MTL_ENABLE_DEBUG_INFO = INCLUDE_SOURCE;
				MTL_FAST_MATH = YES;
				ONLY_ACTIVE_ARCH = YES;
				SDKROOT = iphoneos;
				VERSIONING_SYSTEM = "apple-generic";
				VERSION_INFO_PREFIX = "";
			};
			name = Debug;
		};
		C685E73D221BAB4C002206C4 /* Release */ = {
			isa = XCBuildConfiguration;
			buildSettings = {
				ALWAYS_SEARCH_USER_PATHS = NO;
				CLANG_ANALYZER_NONNULL = YES;
				CLANG_ANALYZER_NUMBER_OBJECT_CONVERSION = YES_AGGRESSIVE;
				CLANG_CXX_LANGUAGE_STANDARD = "gnu++14";
				CLANG_CXX_LIBRARY = "libc++";
				CLANG_ENABLE_MODULES = YES;
				CLANG_ENABLE_OBJC_ARC = YES;
				CLANG_ENABLE_OBJC_WEAK = YES;
				CLANG_WARN_BLOCK_CAPTURE_AUTORELEASING = YES;
				CLANG_WARN_BOOL_CONVERSION = YES;
				CLANG_WARN_COMMA = YES;
				CLANG_WARN_CONSTANT_CONVERSION = YES;
				CLANG_WARN_DEPRECATED_OBJC_IMPLEMENTATIONS = YES;
				CLANG_WARN_DIRECT_OBJC_ISA_USAGE = YES_ERROR;
				CLANG_WARN_DOCUMENTATION_COMMENTS = YES;
				CLANG_WARN_EMPTY_BODY = YES;
				CLANG_WARN_ENUM_CONVERSION = YES;
				CLANG_WARN_INFINITE_RECURSION = YES;
				CLANG_WARN_INT_CONVERSION = YES;
				CLANG_WARN_NON_LITERAL_NULL_CONVERSION = YES;
				CLANG_WARN_OBJC_IMPLICIT_RETAIN_SELF = YES;
				CLANG_WARN_OBJC_LITERAL_CONVERSION = YES;
				CLANG_WARN_OBJC_ROOT_CLASS = YES_ERROR;
				CLANG_WARN_RANGE_LOOP_ANALYSIS = YES;
				CLANG_WARN_STRICT_PROTOTYPES = YES;
				CLANG_WARN_SUSPICIOUS_MOVE = YES;
				CLANG_WARN_UNGUARDED_AVAILABILITY = YES_AGGRESSIVE;
				CLANG_WARN_UNREACHABLE_CODE = YES;
				CLANG_WARN__DUPLICATE_METHOD_MATCH = YES;
				CODE_SIGN_IDENTITY = "iPhone Developer";
				COPY_PHASE_STRIP = NO;
				CURRENT_PROJECT_VERSION = 1;
				DEBUG_INFORMATION_FORMAT = "dwarf-with-dsym";
				ENABLE_NS_ASSERTIONS = NO;
				ENABLE_STRICT_OBJC_MSGSEND = YES;
				GCC_C_LANGUAGE_STANDARD = gnu11;
				GCC_NO_COMMON_BLOCKS = YES;
				GCC_WARN_64_TO_32_BIT_CONVERSION = YES;
				GCC_WARN_ABOUT_RETURN_TYPE = YES_ERROR;
				GCC_WARN_UNDECLARED_SELECTOR = YES;
				GCC_WARN_UNINITIALIZED_AUTOS = YES_AGGRESSIVE;
				GCC_WARN_UNUSED_FUNCTION = YES;
				GCC_WARN_UNUSED_VARIABLE = YES;
				IPHONEOS_DEPLOYMENT_TARGET = 12.1;
				MTL_ENABLE_DEBUG_INFO = NO;
				MTL_FAST_MATH = YES;
				SDKROOT = iphoneos;
				VALIDATE_PRODUCT = YES;
				VERSIONING_SYSTEM = "apple-generic";
				VERSION_INFO_PREFIX = "";
			};
			name = Release;
		};
		C685E73F221BAB4C002206C4 /* Debug */ = {
			isa = XCBuildConfiguration;
			buildSettings = {
				CODE_SIGN_IDENTITY = "";
				CODE_SIGN_STYLE = Automatic;
				DEFINES_MODULE = YES;
				DEVELOPMENT_TEAM = 8W6G82E7Q8;
				DYLIB_COMPATIBILITY_VERSION = 1;
				DYLIB_CURRENT_VERSION = 1;
				DYLIB_INSTALL_NAME_BASE = "@rpath";
				INFOPLIST_FILE = OWRuntimeData/Info.plist;
				INSTALL_PATH = "$(LOCAL_LIBRARY_DIR)/Frameworks";
				LD_RUNPATH_SEARCH_PATHS = (
					"$(inherited)",
					"@executable_path/Frameworks",
					"@loader_path/Frameworks",
				);
				PRODUCT_BUNDLE_IDENTIFIER = com.owops.OWRuntimeData;
				PRODUCT_NAME = "$(TARGET_NAME:c99extidentifier)";
				SKIP_INSTALL = YES;
				TARGETED_DEVICE_FAMILY = "1,2";
			};
			name = Debug;
		};
		C685E740221BAB4C002206C4 /* Release */ = {
			isa = XCBuildConfiguration;
			buildSettings = {
				CODE_SIGN_IDENTITY = "";
				CODE_SIGN_STYLE = Automatic;
				DEFINES_MODULE = YES;
				DEVELOPMENT_TEAM = 8W6G82E7Q8;
				DYLIB_COMPATIBILITY_VERSION = 1;
				DYLIB_CURRENT_VERSION = 1;
				DYLIB_INSTALL_NAME_BASE = "@rpath";
				INFOPLIST_FILE = OWRuntimeData/Info.plist;
				INSTALL_PATH = "$(LOCAL_LIBRARY_DIR)/Frameworks";
				LD_RUNPATH_SEARCH_PATHS = (
					"$(inherited)",
					"@executable_path/Frameworks",
					"@loader_path/Frameworks",
				);
				PRODUCT_BUNDLE_IDENTIFIER = com.owops.OWRuntimeData;
				PRODUCT_NAME = "$(TARGET_NAME:c99extidentifier)";
				SKIP_INSTALL = YES;
				TARGETED_DEVICE_FAMILY = "1,2";
			};
			name = Release;
		};
/* End XCBuildConfiguration section */

/* Begin XCConfigurationList section */
		C685E730221BAB4C002206C4 /* Build configuration list for PBXProject "OWRuntimeData" */ = {
			isa = XCConfigurationList;
			buildConfigurations = (
				C685E73C221BAB4C002206C4 /* Debug */,
				C685E73D221BAB4C002206C4 /* Release */,
			);
			defaultConfigurationIsVisible = 0;
			defaultConfigurationName = Release;
		};
		C685E73E221BAB4C002206C4 /* Build configuration list for PBXNativeTarget "OWRuntimeData" */ = {
			isa = XCConfigurationList;
			buildConfigurations = (
				C685E73F221BAB4C002206C4 /* Debug */,
				C685E740221BAB4C002206C4 /* Release */,
			);
			defaultConfigurationIsVisible = 0;
			defaultConfigurationName = Release;
		};
/* End XCConfigurationList section */
	};
	rootObject = C685E72D221BAB4C002206C4 /* Project object */;
}
